
Microsoft Visual Studio Solution File, Format Version 12.00
# Visual Studio Version 16
VisualStudioVersion = 16.0.31624.102
MinimumVisualStudioVersion = 10.0.40219.1
Project("{8BC9CEB8-8B4A-11D0-8D11-00A0C91BC942}") = "Project1", "Project1\Project1.vcxproj", "{C99410AF-D667-4D9D-BFC7-31C7371F692A}"
EndProject
Global
	GlobalSection(SolutionConfigurationPlatforms) = preSolution
		Debug|x64 = Debug|x64
		Debug|x86 = Debug|x86
		Release|x64 = Release|x64
		Release|x86 = Release|x86
	EndGlobalSection
	GlobalSection(ProjectConfigurationPlatforms) = postSolution
		{C99410AF-D667-4D9D-BFC7-31C7371F692A}.Debug|x64.ActiveCfg = Debug|x64
		{C99410AF-D667-4D9D-BFC7-31C7371F692A}.Debug|x64.Build.0 = Debug|x64
		{C99410AF-D667-4D9D-BFC7-31C7371F692A}.Debug|x86.ActiveCfg = Debug|Win32
		{C99410AF-D667-4D9D-BFC7-31C7371F692A}.Debug|x86.Build.0 = Debug|Win32
		{C99410AF-D667-4D9D-BFC7-31C7371F692A}.Release|x64.ActiveCfg = Release|x64
		{C99410AF-D667-4D9D-BFC7-31C7371F692A}.Release|x64.Build.0 = Release|x64
		{C99410AF-D667-4D9D-BFC7-31C7371F692A}.Release|x86.ActiveCfg = Release|Win32
		{C99410AF-D667-4D9D-BFC7-31C7371F692A}.Release|x86.Build.0 = Release|Win32
	EndGlobalSection
	GlobalSection(SolutionProperties) = preSolution
		HideSolutionNode = FALSE
	EndGlobalSection
	GlobalSection(ExtensibilityGlobals) = postSolution
		SolutionGuid = {8E0A2D9F-4E36-469A-9315-C803B790F806}
	EndGlobalSection
EndGlobal
